
Microsoft Visual Studio Solution File, Format Version 12.00
# Visual Studio 15
VisualStudioVersion = 15.0.27703.2047
MinimumVisualStudioVersion = 10.0.40219.1
Project("{9A19103F-16F7-4668-BE54-9A1E7A4F7556}") = "SubwayMapRender", "SubwayMapRender\SubwayMapRender.csproj", "{DA31DE98-FAE7-42C5-B9AA-28563AFC8FBB}"
EndProject
Project("{FAE04EC0-301F-11D3-BF4B-00C04F79EFBC}") = "ShareLib", "ShareLib\ShareLib.csproj", "{C6BBA9B7-6028-4E4F-9E72-D2A0F06ADA30}"
EndProject
Project("{FAE04EC0-301F-11D3-BF4B-00C04F79EFBC}") = "SubwayMapEditor", "SubwayMapEditor\SubwayMapEditor.csproj", "{00560896-7C55-44A3-A551-B1E648B6D2E2}"
EndProject
Global
	GlobalSection(SolutionConfigurationPlatforms) = preSolution
		Debug|Any CPU = Debug|Any CPU
		Release|Any CPU = Release|Any CPU
	EndGlobalSection
	GlobalSection(ProjectConfigurationPlatforms) = postSolution
		{DA31DE98-FAE7-42C5-B9AA-28563AFC8FBB}.Debug|Any CPU.ActiveCfg = Debug|Any CPU
		{DA31DE98-FAE7-42C5-B9AA-28563AFC8FBB}.Debug|Any CPU.Build.0 = Debug|Any CPU
		{DA31DE98-FAE7-42C5-B9AA-28563AFC8FBB}.Release|Any CPU.ActiveCfg = Release|Any CPU
		{DA31DE98-FAE7-42C5-B9AA-28563AFC8FBB}.Release|Any CPU.Build.0 = Release|Any CPU
		{C6BBA9B7-6028-4E4F-9E72-D2A0F06ADA30}.Debug|Any CPU.ActiveCfg = Debug|Any CPU
		{C6BBA9B7-6028-4E4F-9E72-D2A0F06ADA30}.Debug|Any CPU.Build.0 = Debug|Any CPU
		{C6BBA9B7-6028-4E4F-9E72-D2A0F06ADA30}.Release|Any CPU.ActiveCfg = Release|Any CPU
		{C6BBA9B7-6028-4E4F-9E72-D2A0F06ADA30}.Release|Any CPU.Build.0 = Release|Any CPU
		{00560896-7C55-44A3-A551-B1E648B6D2E2}.Debug|Any CPU.ActiveCfg = Debug|Any CPU
		{00560896-7C55-44A3-A551-B1E648B6D2E2}.Debug|Any CPU.Build.0 = Debug|Any CPU
		{00560896-7C55-44A3-A551-B1E648B6D2E2}.Release|Any CPU.ActiveCfg = Release|Any CPU
		{00560896-7C55-44A3-A551-B1E648B6D2E2}.Release|Any CPU.Build.0 = Release|Any CPU
	EndGlobalSection
	GlobalSection(SolutionProperties) = preSolution
		HideSolutionNode = FALSE
	EndGlobalSection
	GlobalSection(ExtensibilityGlobals) = postSolution
		SolutionGuid = {B2BDA3CB-6F48-45F9-B84B-B3DCDEFEB4A8}
	EndGlobalSection
EndGlobal
